{
  "version": 4,
  "terraform_version": "1.12.0",
  "serial": 96,
  "lineage": "5ca5e6da-8282-bf7a-bfba-f6f059e118ce",
  "outputs": {},
  "resources": [
    {
      "mode": "data",
      "type": "google_sql_database_instance",
      "name": "pgsql",
      "provider": "provider[\"registry.terraform.io/hashicorp/google\"]",
      "instances": [
        {
          "schema_version": 0,
          "attributes": {
            "available_maintenance_versions": [],
            "clone": null,
            "connection_name": "qoria-sandbox:australia-southeast1:pgsql-instance",
            "database_version": "POSTGRES_15",
            "deletion_protection": null,
            "dns_name": "ebc747340319.2ft5dxd7i6v2u.australia-southeast1.sql.goog.",
            "dns_names": [
              {
                "connection_type": "PRIVATE_SERVICE_CONNECT",
                "dns_scope": "INSTANCE",
                "name": "ebc747340319.2ft5dxd7i6v2u.australia-southeast1.sql.goog."
              }
            ],
            "encryption_key_name": null,
            "first_ip_address": null,
            "id": "pgsql-instance",
            "instance_type": "CLOUD_SQL_INSTANCE",
            "ip_address": [],
            "maintenance_version": "POSTGRES_15_12.R20250302.00_12",
            "master_instance_name": "",
            "name": "pgsql-instance",
            "private_ip_address": "",
            "project": "qoria-sandbox",
            "psc_service_attachment_link": "projects/v24ba6b6508276fc5p-tp/regions/australia-southeast1/serviceAttachments/a-ebc747340319-psc-service-attachment-33ecd0100721cd9f",
            "public_ip_address": "",
            "region": "australia-southeast1",
            "replica_configuration": [],
            "replica_names": [],
            "replication_cluster": [
              {
                "dr_replica": false,
                "failover_dr_replica_name": ""
              }
            ],
            "restore_backup_context": null,
            "root_password": null,
            "self_link": "https://sqladmin.googleapis.com/sql/v1beta4/projects/qoria-sandbox/instances/pgsql-instance",
            "server_ca_cert": [
              {
                "cert": "-----BEGIN CERTIFICATE-----\nMIIDfzCCAmegAwIBAgIBADANBgkqhkiG9w0BAQsFADB3MS0wKwYDVQQuEyQzOTBj\nNTdmNy1lNTQyLTRhNTMtYmY2Yy1hODNmYWE5YTZmNjIxIzAhBgNVBAMTGkdvb2ds\nZSBDbG91ZCBTUUwgU2VydmVyIENBMRQwEgYDVQQKEwtHb29nbGUsIEluYzELMAkG\nA1UEBhMCVVMwHhcNMjUwNTE2MDQxOTMxWhcNMzUwNTE0MDQyMDMxWjB3MS0wKwYD\nVQQuEyQzOTBjNTdmNy1lNTQyLTRhNTMtYmY2Yy1hODNmYWE5YTZmNjIxIzAhBgNV\nBAMTGkdvb2dsZSBDbG91ZCBTUUwgU2VydmVyIENBMRQwEgYDVQQKEwtHb29nbGUs\nIEluYzELMAkGA1UEBhMCVVMwggEiMA0GCSqGSIb3DQEBAQUAA4IBDwAwggEKAoIB\nAQDm1WKkVfPfdsDVdoDN9yOFMzC1ZbK7IZG8F1jfL3fJMBH5eUTlJ1kwy9qH42x0\n1wvcpPKOeQw7mE0IJnyaJpg8xZBnsoVA7E+m7wCmNDIESlHv4+ljbj7/e1iPnZ5C\nVaqLbIGwvRYFCyCP1xPKoBYccWpCakInMVky5Lnbnq5j1t5fREeF3CteycyG7K9I\nCh/YaDElELsNgyI7BZdvamacd9jh7dDGohPhHe5xd80V6ixU+0ZPEKQ5ndn91IP/\nzR7NyhEiMkM/cr9pEQmanWWxcSGgVpz+F6m3iFsodf5IktRAL8uPlJ8Kyub16YIC\nCxU46Q7UGS4dNXKTrFAKEJ1VAgMBAAGjFjAUMBIGA1UdEwEB/wQIMAYBAf8CAQAw\nDQYJKoZIhvcNAQELBQADggEBAL1B4X2VTLvxW7Q5EK6OarPq98BSePMXvlaH/N6g\nx3hPjBx0BvuT4YlajaS2MWDkp3Fvw+2PZOrMvkUJ/89JSUP4zg8hTA/elELX980b\n+zpQ8TUsjqtIHxlhlacDjFGtcCXwAKBoDp0GdAKznDDaH87CsoOv4hPO6detY3em\n2c6aYa1eX9zl6BlTMVrWStA98So8qFUr1P8tpE+tn07n6Is3K6bJt7mFgIUhi9ff\n/C8n1JZfTY538ESxzqfFkUapkg3pIATinnGTIsPpBYGEDoadunAhSy1TQluhPsJ+\nOQTn8Z0+GBT7zv2R+8iQKFapC6XZFqOeTmL+FOb2k3sxqFQ=\n-----END CERTIFICATE-----",
                "common_name": "C=US,O=Google\\, Inc,CN=Google Cloud SQL Server CA,dnQualifier=390c57f7-e542-4a53-bf6c-a83faa9a6f62",
                "create_time": "2025-05-16T04:19:31.699Z",
                "expiration_time": "2035-05-14T04:20:31.699Z",
                "sha1_fingerprint": "475bfcb937ca04b0e1b3e2990e3ce4334b3eb28e"
              }
            ],
            "service_account_email_address": "p255579531396-3qq604@gcp-sa-cloud-sql.iam.gserviceaccount.com",
            "settings": [
              {
                "activation_policy": "ALWAYS",
                "active_directory_config": [],
                "advanced_machine_features": [],
                "availability_type": "ZONAL",
                "backup_configuration": [
                  {
                    "backup_retention_settings": [
                      {
                        "retained_backups": 7,
                        "retention_unit": "COUNT"
                      }
                    ],
                    "binary_log_enabled": false,
                    "enabled": false,
                    "location": "",
                    "point_in_time_recovery_enabled": false,
                    "start_time": "14:00",
                    "transaction_log_retention_days": 7
                  }
                ],
                "collation": "",
                "connection_pool_config": [],
                "connector_enforcement": "NOT_REQUIRED",
                "data_cache_config": [
                  {
                    "data_cache_enabled": false
                  }
                ],
                "database_flags": [],
                "deletion_protection_enabled": false,
                "deny_maintenance_period": [],
                "disk_autoresize": true,
                "disk_autoresize_limit": 0,
                "disk_size": 10,
                "disk_type": "PD_SSD",
                "edition": "ENTERPRISE",
                "enable_dataplex_integration": false,
                "enable_google_ml_integration": false,
                "insights_config": [],
                "ip_configuration": [
                  {
                    "allocated_ip_range": "",
                    "authorized_networks": [],
                    "custom_subject_alternative_names": [],
                    "enable_private_path_for_google_cloud_services": false,
                    "ipv4_enabled": false,
                    "private_network": "",
                    "psc_config": [
                      {
                        "allowed_consumer_projects": [
                          "qoria-sandbox"
                        ],
                        "psc_auto_connections": [],
                        "psc_enabled": true
                      }
                    ],
                    "server_ca_mode": "GOOGLE_MANAGED_INTERNAL_CA",
                    "server_ca_pool": "",
                    "ssl_mode": "ALLOW_UNENCRYPTED_AND_ENCRYPTED"
                  }
                ],
                "location_preference": [
                  {
                    "follow_gae_application": "",
                    "secondary_zone": "",
                    "zone": "australia-southeast1-b"
                  }
                ],
                "maintenance_window": [],
                "password_validation_policy": [],
                "pricing_plan": "PER_USE",
                "retain_backups_on_delete": false,
                "sql_server_audit_config": [],
                "tier": "db-f1-micro",
                "time_zone": "",
                "user_labels": {},
                "version": 5
              }
            ]
          },
          "sensitive_attributes": [],
          "identity_schema_version": 0
        }
      ]
    },
    {
      "mode": "managed",
      "type": "google_artifact_registry_repository",
      "name": "sandbox-repo",
      "provider": "provider[\"registry.terraform.io/hashicorp/google\"]",
      "instances": [
        {
          "schema_version": 0,
          "attributes": {
            "cleanup_policies": [],
            "cleanup_policy_dry_run": false,
            "create_time": "2025-05-16T01:34:44.940955Z",
            "description": "",
            "docker_config": [],
            "effective_labels": {
              "goog-terraform-provisioned": "true"
            },
            "format": "DOCKER",
            "id": "projects/qoria-sandbox/locations/australia-southeast1/repositories/sandbox-repo",
            "kms_key_name": "",
            "labels": {},
            "location": "australia-southeast1",
            "maven_config": [],
            "mode": "STANDARD_REPOSITORY",
            "name": "sandbox-repo",
            "project": "qoria-sandbox",
            "remote_repository_config": [],
            "repository_id": "sandbox-repo",
            "terraform_labels": {
              "goog-terraform-provisioned": "true"
            },
            "timeouts": null,
            "update_time": "2025-05-17T05:36:07.427792Z",
            "virtual_repository_config": [],
            "vulnerability_scanning_config": [
              {
                "enablement_config": "",
                "enablement_state": "SCANNING_DISABLED",
                "enablement_state_reason": "API containerscanning.googleapis.com is not enabled."
              }
            ]
          },
          "sensitive_attributes": [],
          "identity_schema_version": 0,
          "private": "eyJlMmJmYjczMC1lY2FhLTExZTYtOGY4OC0zNDM2M2JjN2M0YzAiOnsiY3JlYXRlIjoxMjAwMDAwMDAwMDAwLCJkZWxldGUiOjEyMDAwMDAwMDAwMDAsInVwZGF0ZSI6MTIwMDAwMDAwMDAwMH19"
        }
      ]
    },
    {
      "mode": "managed",
      "type": "google_cloud_run_v2_service",
      "name": "example-app",
      "provider": "provider[\"registry.terraform.io/hashicorp/google\"]",
      "instances": [
        {
          "schema_version": 0,
          "attributes": {
            "annotations": {},
            "binary_authorization": [],
            "build_config": [],
            "client": "",
            "client_version": "",
            "conditions": [
              {
                "execution_reason": "",
                "last_transition_time": "2025-05-17T06:40:54.771070Z",
                "message": "",
                "reason": "",
                "revision_reason": "",
                "severity": "",
                "state": "CONDITION_SUCCEEDED",
                "type": "RoutesReady"
              },
              {
                "execution_reason": "",
                "last_transition_time": "2025-05-17T06:40:53.542780Z",
                "message": "",
                "reason": "",
                "revision_reason": "",
                "severity": "",
                "state": "CONDITION_SUCCEEDED",
                "type": "ConfigurationsReady"
              }
            ],
            "create_time": "2025-05-16T04:03:18.316664Z",
            "creator": "david.liebert@mantelgroup.co.nz",
            "custom_audiences": [],
            "delete_time": "",
            "deletion_protection": true,
            "description": "",
            "effective_annotations": {},
            "effective_labels": {
              "goog-terraform-provisioned": "true"
            },
            "etag": "\"CO3eoMEGEMD9wYQD/cHJvamVjdHMvcW9yaWEtc2FuZGJveC9sb2NhdGlvbnMvYXVzdHJhbGlhLXNvdXRoZWFzdDEvc2VydmljZXMvZXhhbXBsZS1hcHA\"",
            "expire_time": "",
            "generation": "25",
            "id": "projects/qoria-sandbox/locations/australia-southeast1/services/example-app",
            "ingress": "INGRESS_TRAFFIC_ALL",
            "invoker_iam_disabled": false,
            "labels": {},
            "last_modifier": "david.liebert@mantelgroup.co.nz",
            "latest_created_revision": "projects/qoria-sandbox/locations/australia-southeast1/services/example-app/revisions/example-app-00025-6wk",
            "latest_ready_revision": "projects/qoria-sandbox/locations/australia-southeast1/services/example-app/revisions/example-app-00025-6wk",
            "launch_stage": "GA",
            "location": "australia-southeast1",
            "name": "example-app",
            "observed_generation": "25",
            "project": "qoria-sandbox",
            "reconciling": false,
            "scaling": [],
            "template": [
              {
                "annotations": {},
                "containers": [
                  {
                    "args": [],
                    "base_image_uri": "",
                    "build_info": [],
                    "command": [],
                    "depends_on": [],
                    "env": [
                      {
                        "name": "DB_IP_ADDRESS",
                        "value": "10.1.0.250",
                        "value_source": []
                      },
                      {
                        "name": "DB_IP_PORT",
                        "value": "5432",
                        "value_source": []
                      },
                      {
                        "name": "DB_NAME",
                        "value": "example-db",
                        "value_source": []
                      },
                      {
                        "name": "DB_PASS",
                        "value": "",
                        "value_source": [
                          {
                            "secret_key_ref": [
                              {
                                "secret": "example-db-password",
                                "version": "latest"
                              }
                            ]
                          }
                        ]
                      },
                      {
                        "name": "DB_USER",
                        "value": "david",
                        "value_source": []
                      }
                    ],
                    "image": "australia-southeast1-docker.pkg.dev/qoria-sandbox/sandbox-repo/example-app",
                    "liveness_probe": [],
                    "name": "",
                    "ports": [
                      {
                        "container_port": 8080,
                        "name": "http1"
                      }
                    ],
                    "resources": [
                      {
                        "cpu_idle": true,
                        "limits": {
                          "cpu": "1000m",
                          "memory": "512Mi"
                        },
                        "startup_cpu_boost": false
                      }
                    ],
                    "startup_probe": [
                      {
                        "failure_threshold": 1,
                        "grpc": [],
                        "http_get": [],
                        "initial_delay_seconds": 0,
                        "period_seconds": 240,
                        "tcp_socket": [
                          {
                            "port": 8080
                          }
                        ],
                        "timeout_seconds": 240
                      }
                    ],
                    "volume_mounts": [],
                    "working_dir": ""
                  }
                ],
                "encryption_key": "",
                "execution_environment": "",
                "gpu_zonal_redundancy_disabled": false,
                "labels": {},
                "max_instance_request_concurrency": 80,
                "node_selector": [],
                "revision": "",
                "scaling": [
                  {
                    "max_instance_count": 10,
                    "min_instance_count": 0
                  }
                ],
                "service_account": "cloud-run-sa@qoria-sandbox.iam.gserviceaccount.com",
                "session_affinity": false,
                "timeout": "300s",
                "volumes": [],
                "vpc_access": [
                  {
                    "connector": "",
                    "egress": "PRIVATE_RANGES_ONLY",
                    "network_interfaces": [
                      {
                        "network": "projects/qoria-sandbox/global/networks/example-vpc",
                        "subnetwork": "projects/qoria-sandbox/regions/australia-southeast1/subnetworks/cloud-run-subnet",
                        "tags": []
                      }
                    ]
                  }
                ]
              }
            ],
            "terminal_condition": [
              {
                "execution_reason": "",
                "last_transition_time": "2025-05-17T06:40:54.799344Z",
                "message": "",
                "reason": "",
                "revision_reason": "",
                "severity": "",
                "state": "CONDITION_SUCCEEDED",
                "type": "Ready"
              }
            ],
            "terraform_labels": {
              "goog-terraform-provisioned": "true"
            },
            "timeouts": null,
            "traffic": [
              {
                "percent": 100,
                "revision": "",
                "tag": "",
                "type": "TRAFFIC_TARGET_ALLOCATION_TYPE_LATEST"
              }
            ],
            "traffic_statuses": [
              {
                "percent": 100,
                "revision": "",
                "tag": "",
                "type": "TRAFFIC_TARGET_ALLOCATION_TYPE_LATEST",
                "uri": ""
              }
            ],
            "uid": "c04eb4ca-1f9e-45d7-92b0-9921f0fa3b88",
            "update_time": "2025-05-17T06:40:45.814776Z",
            "uri": "https://example-app-edaiwkxirq-ts.a.run.app",
            "urls": [
              "https://example-app-255579531396.australia-southeast1.run.app",
              "https://example-app-edaiwkxirq-ts.a.run.app"
            ]
          },
          "sensitive_attributes": [],
          "identity_schema_version": 0,
          "private": "eyJlMmJmYjczMC1lY2FhLTExZTYtOGY4OC0zNDM2M2JjN2M0YzAiOnsiY3JlYXRlIjoxMjAwMDAwMDAwMDAwLCJkZWxldGUiOjEyMDAwMDAwMDAwMDAsInVwZGF0ZSI6MTIwMDAwMDAwMDAwMH19",
          "dependencies": [
            "ephemeral.random_password.db_password",
            "google_compute_network.example_vpc",
            "google_compute_subnetwork.cloud_run_subnet",
            "google_secret_manager_secret.db_password_secret",
            "google_secret_manager_secret_version.example_db_password_secret_version",
            "google_service_account.cloud_run_sa",
            "google_sql_database.example_database",
            "google_sql_database_instance.pgsql"
          ]
        }
      ]
    },
    {
      "mode": "managed",
      "type": "google_compute_address",
      "name": "default",
      "provider": "provider[\"registry.terraform.io/hashicorp/google\"]",
      "instances": [
        {
          "schema_version": 0,
          "attributes": {
            "address": "10.1.0.250",
            "address_type": "INTERNAL",
            "creation_timestamp": "2025-05-15T22:07:43.393-07:00",
            "description": "",
            "effective_labels": {
              "goog-terraform-provisioned": "true"
            },
            "id": "projects/qoria-sandbox/regions/australia-southeast1/addresses/psc-compute-address",
            "ip_version": "",
            "ipv6_endpoint_type": "",
            "label_fingerprint": "vezUS-42LLM=",
            "labels": {},
            "name": "psc-compute-address",
            "network": "",
            "network_tier": "PREMIUM",
            "prefix_length": 0,
            "project": "qoria-sandbox",
            "purpose": "GCE_ENDPOINT",
            "region": "australia-southeast1",
            "self_link": "https://www.googleapis.com/compute/v1/projects/qoria-sandbox/regions/australia-southeast1/addresses/psc-compute-address",
            "subnetwork": "https://www.googleapis.com/compute/v1/projects/qoria-sandbox/regions/australia-southeast1/subnetworks/sql-subnet",
            "terraform_labels": {
              "goog-terraform-provisioned": "true"
            },
            "timeouts": null,
            "users": [
              "https://www.googleapis.com/compute/v1/projects/qoria-sandbox/regions/australia-southeast1/forwardingRules/psc-forwarding-rule-pgsql-instance"
            ]
          },
          "sensitive_attributes": [],
          "identity_schema_version": 0,
          "private": "eyJlMmJmYjczMC1lY2FhLTExZTYtOGY4OC0zNDM2M2JjN2M0YzAiOnsiY3JlYXRlIjoxMjAwMDAwMDAwMDAwLCJkZWxldGUiOjEyMDAwMDAwMDAwMDAsInVwZGF0ZSI6MTIwMDAwMDAwMDAwMH19",
          "dependencies": [
            "google_compute_network.example_vpc",
            "google_compute_subnetwork.sql_subnet"
          ]
        }
      ]
    },
    {
      "mode": "managed",
      "type": "google_compute_forwarding_rule",
      "name": "default",
      "provider": "provider[\"registry.terraform.io/hashicorp/google\"]",
      "instances": [
        {
          "schema_version": 0,
          "attributes": {
            "all_ports": false,
            "allow_global_access": false,
            "allow_psc_global_access": false,
            "backend_service": "",
            "base_forwarding_rule": "",
            "creation_timestamp": "2025-05-15T22:07:57.429-07:00",
            "description": "",
            "effective_labels": {},
            "forwarding_rule_id": 4055787850317919938,
            "id": "projects/qoria-sandbox/regions/australia-southeast1/forwardingRules/psc-forwarding-rule-pgsql-instance",
            "ip_address": "10.1.0.250",
            "ip_collection": "",
            "ip_protocol": "",
            "ip_version": "",
            "is_mirroring_collector": false,
            "label_fingerprint": "42WmSpB8rSM=",
            "labels": {},
            "load_balancing_scheme": "",
            "name": "psc-forwarding-rule-pgsql-instance",
            "network": "https://www.googleapis.com/compute/v1/projects/qoria-sandbox/global/networks/example-vpc",
            "network_tier": "PREMIUM",
            "no_automate_dns_zone": null,
            "port_range": "",
            "ports": [],
            "project": "qoria-sandbox",
            "psc_connection_id": "115183876220977402",
            "psc_connection_status": "ACCEPTED",
            "recreate_closed_psc": false,
            "region": "australia-southeast1",
            "self_link": "https://www.googleapis.com/compute/v1/projects/qoria-sandbox/regions/australia-southeast1/forwardingRules/psc-forwarding-rule-pgsql-instance",
            "service_directory_registrations": [
              {
                "namespace": "goog-psc-default",
                "service": ""
              }
            ],
            "service_label": "",
            "service_name": "",
            "source_ip_ranges": [],
            "subnetwork": "",
            "target": "https://www.googleapis.com/compute/v1/projects/v24ba6b6508276fc5p-tp/regions/australia-southeast1/serviceAttachments/a-ebc747340319-psc-service-attachment-33ecd0100721cd9f",
            "terraform_labels": {},
            "timeouts": null
          },
          "sensitive_attributes": [],
          "identity_schema_version": 0,
          "private": "eyJlMmJmYjczMC1lY2FhLTExZTYtOGY4OC0zNDM2M2JjN2M0YzAiOnsiY3JlYXRlIjoxMjAwMDAwMDAwMDAwLCJkZWxldGUiOjEyMDAwMDAwMDAwMDAsInVwZGF0ZSI6MTIwMDAwMDAwMDAwMH19",
          "dependencies": [
            "data.google_sql_database_instance.pgsql",
            "google_compute_address.default",
            "google_compute_network.example_vpc",
            "google_compute_subnetwork.sql_subnet",
            "google_sql_database_instance.pgsql"
          ]
        }
      ]
    },
    {
      "mode": "managed",
      "type": "google_compute_network",
      "name": "example_vpc",
      "provider": "provider[\"registry.terraform.io/hashicorp/google\"]",
      "instances": [
        {
          "schema_version": 0,
          "attributes": {
            "auto_create_subnetworks": false,
            "bgp_always_compare_med": false,
            "bgp_best_path_selection_mode": "LEGACY",
            "bgp_inter_region_cost": "",
            "delete_default_routes_on_create": false,
            "description": "",
            "enable_ula_internal_ipv6": false,
            "gateway_ipv4": "",
            "id": "projects/qoria-sandbox/global/networks/example-vpc",
            "internal_ipv6_range": "",
            "mtu": 0,
            "name": "example-vpc",
            "network_firewall_policy_enforcement_order": "AFTER_CLASSIC_FIREWALL",
            "network_id": "4121081162922396753",
            "network_profile": "",
            "numeric_id": "4121081162922396753",
            "project": "qoria-sandbox",
            "routing_mode": "REGIONAL",
            "self_link": "https://www.googleapis.com/compute/v1/projects/qoria-sandbox/global/networks/example-vpc",
            "timeouts": null
          },
          "sensitive_attributes": [],
          "identity_schema_version": 0,
          "private": "eyJlMmJmYjczMC1lY2FhLTExZTYtOGY4OC0zNDM2M2JjN2M0YzAiOnsiY3JlYXRlIjoxMjAwMDAwMDAwMDAwLCJkZWxldGUiOjEyMDAwMDAwMDAwMDAsInVwZGF0ZSI6MTIwMDAwMDAwMDAwMH19"
        }
      ]
    },
    {
      "mode": "managed",
      "type": "google_compute_subnetwork",
      "name": "cloud_run_subnet",
      "provider": "provider[\"registry.terraform.io/hashicorp/google\"]",
      "instances": [
        {
          "schema_version": 0,
          "attributes": {
            "creation_timestamp": "2025-05-15T20:41:10.960-07:00",
            "description": "",
            "enable_flow_logs": false,
            "external_ipv6_prefix": "",
            "fingerprint": null,
            "gateway_address": "10.2.0.1",
            "id": "projects/qoria-sandbox/regions/australia-southeast1/subnetworks/cloud-run-subnet",
            "internal_ipv6_prefix": "",
            "ip_cidr_range": "10.2.0.0/24",
            "ip_collection": null,
            "ipv6_access_type": "",
            "ipv6_cidr_range": "",
            "ipv6_gce_endpoint": "",
            "log_config": [],
            "name": "cloud-run-subnet",
            "network": "https://www.googleapis.com/compute/v1/projects/qoria-sandbox/global/networks/example-vpc",
            "private_ip_google_access": false,
            "private_ipv6_google_access": "DISABLE_GOOGLE_ACCESS",
            "project": "qoria-sandbox",
            "purpose": "PRIVATE",
            "region": "australia-southeast1",
            "reserved_internal_range": "",
            "role": "",
            "secondary_ip_range": [],
            "self_link": "https://www.googleapis.com/compute/v1/projects/qoria-sandbox/regions/australia-southeast1/subnetworks/cloud-run-subnet",
            "send_secondary_ip_range_if_empty": null,
            "stack_type": "IPV4_ONLY",
            "state": "",
            "subnetwork_id": 7021373145123327289,
            "timeouts": null
          },
          "sensitive_attributes": [],
          "identity_schema_version": 0,
          "private": "eyJlMmJmYjczMC1lY2FhLTExZTYtOGY4OC0zNDM2M2JjN2M0YzAiOnsiY3JlYXRlIjoxMjAwMDAwMDAwMDAwLCJkZWxldGUiOjEyMDAwMDAwMDAwMDAsInVwZGF0ZSI6MTIwMDAwMDAwMDAwMH19",
          "dependencies": [
            "google_compute_network.example_vpc"
          ]
        }
      ]
    },
    {
      "mode": "managed",
      "type": "google_compute_subnetwork",
      "name": "sql_subnet",
      "provider": "provider[\"registry.terraform.io/hashicorp/google\"]",
      "instances": [
        {
          "schema_version": 0,
          "attributes": {
            "creation_timestamp": "2025-05-15T20:41:02.512-07:00",
            "description": "",
            "enable_flow_logs": false,
            "external_ipv6_prefix": "",
            "fingerprint": null,
            "gateway_address": "10.1.0.1",
            "id": "projects/qoria-sandbox/regions/australia-southeast1/subnetworks/sql-subnet",
            "internal_ipv6_prefix": "",
            "ip_cidr_range": "10.1.0.0/24",
            "ip_collection": null,
            "ipv6_access_type": "",
            "ipv6_cidr_range": "",
            "ipv6_gce_endpoint": "",
            "log_config": [],
            "name": "sql-subnet",
            "network": "https://www.googleapis.com/compute/v1/projects/qoria-sandbox/global/networks/example-vpc",
            "private_ip_google_access": false,
            "private_ipv6_google_access": "DISABLE_GOOGLE_ACCESS",
            "project": "qoria-sandbox",
            "purpose": "PRIVATE",
            "region": "australia-southeast1",
            "reserved_internal_range": "",
            "role": "",
            "secondary_ip_range": [],
            "self_link": "https://www.googleapis.com/compute/v1/projects/qoria-sandbox/regions/australia-southeast1/subnetworks/sql-subnet",
            "send_secondary_ip_range_if_empty": null,
            "stack_type": "IPV4_ONLY",
            "state": "",
            "subnetwork_id": 1596770132482002209,
            "timeouts": null
          },
          "sensitive_attributes": [],
          "identity_schema_version": 0,
          "private": "eyJlMmJmYjczMC1lY2FhLTExZTYtOGY4OC0zNDM2M2JjN2M0YzAiOnsiY3JlYXRlIjoxMjAwMDAwMDAwMDAwLCJkZWxldGUiOjEyMDAwMDAwMDAwMDAsInVwZGF0ZSI6MTIwMDAwMDAwMDAwMH19",
          "dependencies": [
            "google_compute_network.example_vpc"
          ]
        }
      ]
    },
    {
      "mode": "managed",
      "type": "google_project_iam_binding",
      "name": "sa_bindings",
      "provider": "provider[\"registry.terraform.io/hashicorp/google\"]",
      "instances": [
        {
          "index_key": "roles/cloudsql.client",
          "schema_version": 0,
          "attributes": {
            "condition": [],
            "etag": "BwY1Tf2JQgw=",
            "id": "qoria-sandbox/roles/cloudsql.client",
            "members": [
              "serviceAccount:cloud-run-sa@qoria-sandbox.iam.gserviceaccount.com"
            ],
            "project": "qoria-sandbox",
            "role": "roles/cloudsql.client"
          },
          "sensitive_attributes": [],
          "identity_schema_version": 0,
          "private": "bnVsbA==",
          "dependencies": [
            "google_service_account.cloud_run_sa"
          ]
        },
        {
          "index_key": "roles/cloudsql.instanceUser",
          "schema_version": 0,
          "attributes": {
            "condition": [],
            "etag": "BwY1Tf2JQgw=",
            "id": "qoria-sandbox/roles/cloudsql.instanceUser",
            "members": [
              "serviceAccount:cloud-run-sa@qoria-sandbox.iam.gserviceaccount.com"
            ],
            "project": "qoria-sandbox",
            "role": "roles/cloudsql.instanceUser"
          },
          "sensitive_attributes": [],
          "identity_schema_version": 0,
          "private": "bnVsbA==",
          "dependencies": [
            "google_service_account.cloud_run_sa"
          ]
        },
        {
          "index_key": "roles/logging.logWriter",
          "schema_version": 0,
          "attributes": {
            "condition": [],
            "etag": "BwY1Tf2JQgw=",
            "id": "qoria-sandbox/roles/logging.logWriter",
            "members": [
              "serviceAccount:cloud-run-sa@qoria-sandbox.iam.gserviceaccount.com"
            ],
            "project": "qoria-sandbox",
            "role": "roles/logging.logWriter"
          },
          "sensitive_attributes": [],
          "identity_schema_version": 0,
          "private": "bnVsbA==",
          "dependencies": [
            "google_service_account.cloud_run_sa"
          ]
        },
        {
          "index_key": "roles/secretmanager.secretAccessor",
          "schema_version": 0,
          "attributes": {
            "condition": [],
            "etag": "BwY1Tf2JQgw=",
            "id": "qoria-sandbox/roles/secretmanager.secretAccessor",
            "members": [
              "serviceAccount:cloud-run-sa@qoria-sandbox.iam.gserviceaccount.com"
            ],
            "project": "qoria-sandbox",
            "role": "roles/secretmanager.secretAccessor"
          },
          "sensitive_attributes": [],
          "identity_schema_version": 0,
          "private": "bnVsbA==",
          "dependencies": [
            "google_service_account.cloud_run_sa"
          ]
        }
      ]
    },
    {
      "mode": "managed",
      "type": "google_project_service",
      "name": "cloud_sql_api",
      "provider": "provider[\"registry.terraform.io/hashicorp/google\"]",
      "instances": [
        {
          "schema_version": 0,
          "attributes": {
            "disable_dependent_services": null,
            "disable_on_destroy": false,
            "id": "qoria-sandbox/sqladmin.googleapis.com",
            "project": "qoria-sandbox",
            "service": "sqladmin.googleapis.com",
            "timeouts": {
              "create": "30m",
              "delete": null,
              "read": null,
              "update": "40m"
            }
          },
          "sensitive_attributes": [],
          "identity_schema_version": 0,
          "private": "eyJlMmJmYjczMC1lY2FhLTExZTYtOGY4OC0zNDM2M2JjN2M0YzAiOnsiY3JlYXRlIjoxODAwMDAwMDAwMDAwLCJkZWxldGUiOjEyMDAwMDAwMDAwMDAsInJlYWQiOjYwMDAwMDAwMDAwMCwidXBkYXRlIjoyNDAwMDAwMDAwMDAwfX0="
        }
      ]
    },
    {
      "mode": "managed",
      "type": "google_project_service",
      "name": "net_connectivity_api",
      "provider": "provider[\"registry.terraform.io/hashicorp/google\"]",
      "instances": [
        {
          "schema_version": 0,
          "attributes": {
            "disable_dependent_services": null,
            "disable_on_destroy": false,
            "id": "qoria-sandbox/networkconnectivity.googleapis.com",
            "project": "qoria-sandbox",
            "service": "networkconnectivity.googleapis.com",
            "timeouts": {
              "create": "30m",
              "delete": null,
              "read": null,
              "update": "40m"
            }
          },
          "sensitive_attributes": [],
          "identity_schema_version": 0,
          "private": "eyJlMmJmYjczMC1lY2FhLTExZTYtOGY4OC0zNDM2M2JjN2M0YzAiOnsiY3JlYXRlIjoxODAwMDAwMDAwMDAwLCJkZWxldGUiOjEyMDAwMDAwMDAwMDAsInJlYWQiOjYwMDAwMDAwMDAwMCwidXBkYXRlIjoyNDAwMDAwMDAwMDAwfX0="
        }
      ]
    },
    {
      "mode": "managed",
      "type": "google_project_service",
      "name": "secret_manager_api",
      "provider": "provider[\"registry.terraform.io/hashicorp/google\"]",
      "instances": [
        {
          "schema_version": 0,
          "attributes": {
            "disable_dependent_services": null,
            "disable_on_destroy": false,
            "id": "qoria-sandbox/secretmanager.googleapis.com",
            "project": "qoria-sandbox",
            "service": "secretmanager.googleapis.com",
            "timeouts": {
              "create": "30m",
              "delete": null,
              "read": null,
              "update": "40m"
            }
          },
          "sensitive_attributes": [],
          "identity_schema_version": 0,
          "private": "eyJlMmJmYjczMC1lY2FhLTExZTYtOGY4OC0zNDM2M2JjN2M0YzAiOnsiY3JlYXRlIjoxODAwMDAwMDAwMDAwLCJkZWxldGUiOjEyMDAwMDAwMDAwMDAsInJlYWQiOjYwMDAwMDAwMDAwMCwidXBkYXRlIjoyNDAwMDAwMDAwMDAwfX0="
        }
      ]
    },
    {
      "mode": "managed",
      "type": "google_secret_manager_secret",
      "name": "db_password_secret",
      "provider": "provider[\"registry.terraform.io/hashicorp/google\"]",
      "instances": [
        {
          "schema_version": 0,
          "attributes": {
            "annotations": {},
            "create_time": "2025-05-17T06:20:29.364803Z",
            "effective_annotations": {},
            "effective_labels": {
              "goog-terraform-provisioned": "true"
            },
            "expire_time": "",
            "id": "projects/qoria-sandbox/secrets/example-db-password",
            "labels": {},
            "name": "projects/255579531396/secrets/example-db-password",
            "project": "qoria-sandbox",
            "replication": [
              {
                "auto": [],
                "user_managed": [
                  {
                    "replicas": [
                      {
                        "customer_managed_encryption": [],
                        "location": "australia-southeast1"
                      }
                    ]
                  }
                ]
              }
            ],
            "rotation": [],
            "secret_id": "example-db-password",
            "terraform_labels": {
              "goog-terraform-provisioned": "true"
            },
            "timeouts": null,
            "topics": [],
            "ttl": null,
            "version_aliases": {},
            "version_destroy_ttl": ""
          },
          "sensitive_attributes": [],
          "identity_schema_version": 0,
          "private": "eyJlMmJmYjczMC1lY2FhLTExZTYtOGY4OC0zNDM2M2JjN2M0YzAiOnsiY3JlYXRlIjoxMjAwMDAwMDAwMDAwLCJkZWxldGUiOjEyMDAwMDAwMDAwMDAsInVwZGF0ZSI6MTIwMDAwMDAwMDAwMH19"
        }
      ]
    },
    {
      "mode": "managed",
      "type": "google_secret_manager_secret_version",
      "name": "example_db_password_secret_version",
      "provider": "provider[\"registry.terraform.io/hashicorp/google\"]",
      "instances": [
        {
          "schema_version": 0,
          "attributes": {
            "create_time": "2025-05-17T06:43:20.453121Z",
            "deletion_policy": "DELETE",
            "destroy_time": "",
            "enabled": true,
            "id": "projects/255579531396/secrets/example-db-password/versions/3",
            "is_secret_data_base64": false,
            "name": "projects/255579531396/secrets/example-db-password/versions/3",
            "secret": "projects/qoria-sandbox/secrets/example-db-password",
            "secret_data": null,
            "secret_data_wo": null,
            "secret_data_wo_version": 2,
            "timeouts": null,
            "version": "3"
          },
          "sensitive_attributes": [
            [
              {
                "type": "get_attr",
                "value": "secret_data"
              }
            ]
          ],
          "identity_schema_version": 0,
          "private": "eyJlMmJmYjczMC1lY2FhLTExZTYtOGY4OC0zNDM2M2JjN2M0YzAiOnsiY3JlYXRlIjoxMjAwMDAwMDAwMDAwLCJkZWxldGUiOjEyMDAwMDAwMDAwMDAsInVwZGF0ZSI6MTIwMDAwMDAwMDAwMH19",
          "dependencies": [
            "ephemeral.random_password.db_password",
            "google_secret_manager_secret.db_password_secret"
          ]
        }
      ]
    },
    {
      "mode": "managed",
      "type": "google_service_account",
      "name": "cloud_run_sa",
      "provider": "provider[\"registry.terraform.io/hashicorp/google\"]",
      "instances": [
        {
          "schema_version": 0,
          "attributes": {
            "account_id": "cloud-run-sa",
            "create_ignore_already_exists": null,
            "description": "",
            "disabled": false,
            "display_name": "Service Account for Cloud Run example",
            "email": "cloud-run-sa@qoria-sandbox.iam.gserviceaccount.com",
            "id": "projects/qoria-sandbox/serviceAccounts/cloud-run-sa@qoria-sandbox.iam.gserviceaccount.com",
            "member": "serviceAccount:cloud-run-sa@qoria-sandbox.iam.gserviceaccount.com",
            "name": "projects/qoria-sandbox/serviceAccounts/cloud-run-sa@qoria-sandbox.iam.gserviceaccount.com",
            "project": "qoria-sandbox",
            "timeouts": null,
            "unique_id": "112280561246693423586"
          },
          "sensitive_attributes": [],
          "identity_schema_version": 0,
          "private": "eyJlMmJmYjczMC1lY2FhLTExZTYtOGY4OC0zNDM2M2JjN2M0YzAiOnsiY3JlYXRlIjozMDAwMDAwMDAwMDB9fQ=="
        }
      ]
    },
    {
      "mode": "managed",
      "type": "google_sql_database",
      "name": "example_database",
      "provider": "provider[\"registry.terraform.io/hashicorp/google\"]",
      "instances": [
        {
          "schema_version": 0,
          "attributes": {
            "charset": "UTF8",
            "collation": "en_US.UTF8",
            "deletion_policy": "DELETE",
            "id": "projects/qoria-sandbox/instances/pgsql-instance/databases/example-db",
            "instance": "pgsql-instance",
            "name": "example-db",
            "project": "qoria-sandbox",
            "self_link": "https://sqladmin.googleapis.com/sql/v1beta4/projects/qoria-sandbox/instances/pgsql-instance/databases/example-db",
            "timeouts": null
          },
          "sensitive_attributes": [],
          "identity_schema_version": 0,
          "private": "eyJlMmJmYjczMC1lY2FhLTExZTYtOGY4OC0zNDM2M2JjN2M0YzAiOnsiY3JlYXRlIjoxMjAwMDAwMDAwMDAwLCJkZWxldGUiOjEyMDAwMDAwMDAwMDAsInVwZGF0ZSI6MTIwMDAwMDAwMDAwMH19",
          "dependencies": [
            "google_sql_database_instance.pgsql"
          ]
        }
      ]
    },
    {
      "mode": "managed",
      "type": "google_sql_database_instance",
      "name": "pgsql",
      "provider": "provider[\"registry.terraform.io/hashicorp/google\"]",
      "instances": [
        {
          "schema_version": 0,
          "attributes": {
            "available_maintenance_versions": [],
            "clone": [],
            "connection_name": "qoria-sandbox:australia-southeast1:pgsql-instance",
            "database_version": "POSTGRES_15",
            "deletion_protection": true,
            "dns_name": "ebc747340319.2ft5dxd7i6v2u.australia-southeast1.sql.goog.",
            "dns_names": [
              {
                "connection_type": "PRIVATE_SERVICE_CONNECT",
                "dns_scope": "INSTANCE",
                "name": "ebc747340319.2ft5dxd7i6v2u.australia-southeast1.sql.goog."
              }
            ],
            "encryption_key_name": null,
            "first_ip_address": null,
            "id": "pgsql-instance",
            "instance_type": "CLOUD_SQL_INSTANCE",
            "ip_address": [],
            "maintenance_version": "POSTGRES_15_12.R20250302.00_12",
            "master_instance_name": "",
            "name": "pgsql-instance",
            "private_ip_address": "",
            "project": "qoria-sandbox",
            "psc_service_attachment_link": "projects/v24ba6b6508276fc5p-tp/regions/australia-southeast1/serviceAttachments/a-ebc747340319-psc-service-attachment-33ecd0100721cd9f",
            "public_ip_address": "",
            "region": "australia-southeast1",
            "replica_configuration": [],
            "replica_names": [],
            "replication_cluster": [
              {
                "dr_replica": false,
                "failover_dr_replica_name": ""
              }
            ],
            "restore_backup_context": [],
            "root_password": null,
            "self_link": "https://sqladmin.googleapis.com/sql/v1beta4/projects/qoria-sandbox/instances/pgsql-instance",
            "server_ca_cert": [
              {
                "cert": "-----BEGIN CERTIFICATE-----\nMIIDfzCCAmegAwIBAgIBADANBgkqhkiG9w0BAQsFADB3MS0wKwYDVQQuEyQzOTBj\nNTdmNy1lNTQyLTRhNTMtYmY2Yy1hODNmYWE5YTZmNjIxIzAhBgNVBAMTGkdvb2ds\nZSBDbG91ZCBTUUwgU2VydmVyIENBMRQwEgYDVQQKEwtHb29nbGUsIEluYzELMAkG\nA1UEBhMCVVMwHhcNMjUwNTE2MDQxOTMxWhcNMzUwNTE0MDQyMDMxWjB3MS0wKwYD\nVQQuEyQzOTBjNTdmNy1lNTQyLTRhNTMtYmY2Yy1hODNmYWE5YTZmNjIxIzAhBgNV\nBAMTGkdvb2dsZSBDbG91ZCBTUUwgU2VydmVyIENBMRQwEgYDVQQKEwtHb29nbGUs\nIEluYzELMAkGA1UEBhMCVVMwggEiMA0GCSqGSIb3DQEBAQUAA4IBDwAwggEKAoIB\nAQDm1WKkVfPfdsDVdoDN9yOFMzC1ZbK7IZG8F1jfL3fJMBH5eUTlJ1kwy9qH42x0\n1wvcpPKOeQw7mE0IJnyaJpg8xZBnsoVA7E+m7wCmNDIESlHv4+ljbj7/e1iPnZ5C\nVaqLbIGwvRYFCyCP1xPKoBYccWpCakInMVky5Lnbnq5j1t5fREeF3CteycyG7K9I\nCh/YaDElELsNgyI7BZdvamacd9jh7dDGohPhHe5xd80V6ixU+0ZPEKQ5ndn91IP/\nzR7NyhEiMkM/cr9pEQmanWWxcSGgVpz+F6m3iFsodf5IktRAL8uPlJ8Kyub16YIC\nCxU46Q7UGS4dNXKTrFAKEJ1VAgMBAAGjFjAUMBIGA1UdEwEB/wQIMAYBAf8CAQAw\nDQYJKoZIhvcNAQELBQADggEBAL1B4X2VTLvxW7Q5EK6OarPq98BSePMXvlaH/N6g\nx3hPjBx0BvuT4YlajaS2MWDkp3Fvw+2PZOrMvkUJ/89JSUP4zg8hTA/elELX980b\n+zpQ8TUsjqtIHxlhlacDjFGtcCXwAKBoDp0GdAKznDDaH87CsoOv4hPO6detY3em\n2c6aYa1eX9zl6BlTMVrWStA98So8qFUr1P8tpE+tn07n6Is3K6bJt7mFgIUhi9ff\n/C8n1JZfTY538ESxzqfFkUapkg3pIATinnGTIsPpBYGEDoadunAhSy1TQluhPsJ+\nOQTn8Z0+GBT7zv2R+8iQKFapC6XZFqOeTmL+FOb2k3sxqFQ=\n-----END CERTIFICATE-----",
                "common_name": "C=US,O=Google\\, Inc,CN=Google Cloud SQL Server CA,dnQualifier=390c57f7-e542-4a53-bf6c-a83faa9a6f62",
                "create_time": "2025-05-16T04:19:31.699Z",
                "expiration_time": "2035-05-14T04:20:31.699Z",
                "sha1_fingerprint": "475bfcb937ca04b0e1b3e2990e3ce4334b3eb28e"
              }
            ],
            "service_account_email_address": "p255579531396-3qq604@gcp-sa-cloud-sql.iam.gserviceaccount.com",
            "settings": [
              {
                "activation_policy": "ALWAYS",
                "active_directory_config": [],
                "advanced_machine_features": [],
                "availability_type": "ZONAL",
                "backup_configuration": [
                  {
                    "backup_retention_settings": [
                      {
                        "retained_backups": 7,
                        "retention_unit": "COUNT"
                      }
                    ],
                    "binary_log_enabled": false,
                    "enabled": false,
                    "location": "",
                    "point_in_time_recovery_enabled": false,
                    "start_time": "14:00",
                    "transaction_log_retention_days": 7
                  }
                ],
                "collation": "",
                "connection_pool_config": [],
                "connector_enforcement": "NOT_REQUIRED",
                "data_cache_config": [
                  {
                    "data_cache_enabled": false
                  }
                ],
                "database_flags": [],
                "deletion_protection_enabled": false,
                "deny_maintenance_period": [],
                "disk_autoresize": true,
                "disk_autoresize_limit": 0,
                "disk_size": 10,
                "disk_type": "PD_SSD",
                "edition": "ENTERPRISE",
                "enable_dataplex_integration": false,
                "enable_google_ml_integration": false,
                "insights_config": [],
                "ip_configuration": [
                  {
                    "allocated_ip_range": "",
                    "authorized_networks": [],
                    "custom_subject_alternative_names": [],
                    "enable_private_path_for_google_cloud_services": false,
                    "ipv4_enabled": false,
                    "private_network": "",
                    "psc_config": [
                      {
                        "allowed_consumer_projects": [
                          "qoria-sandbox"
                        ],
                        "psc_auto_connections": [],
                        "psc_enabled": true
                      }
                    ],
                    "server_ca_mode": "GOOGLE_MANAGED_INTERNAL_CA",
                    "server_ca_pool": "",
                    "ssl_mode": "ALLOW_UNENCRYPTED_AND_ENCRYPTED"
                  }
                ],
                "location_preference": [
                  {
                    "follow_gae_application": "",
                    "secondary_zone": "",
                    "zone": "australia-southeast1-b"
                  }
                ],
                "maintenance_window": [],
                "password_validation_policy": [],
                "pricing_plan": "PER_USE",
                "retain_backups_on_delete": false,
                "sql_server_audit_config": [],
                "tier": "db-f1-micro",
                "time_zone": "",
                "user_labels": {},
                "version": 5
              }
            ],
            "timeouts": null
          },
          "sensitive_attributes": [
            [
              {
                "type": "get_attr",
                "value": "root_password"
              }
            ],
            [
              {
                "type": "get_attr",
                "value": "server_ca_cert"
              }
            ]
          ],
          "identity_schema_version": 0,
          "private": "eyJlMmJmYjczMC1lY2FhLTExZTYtOGY4OC0zNDM2M2JjN2M0YzAiOnsiY3JlYXRlIjo1NDAwMDAwMDAwMDAwLCJkZWxldGUiOjU0MDAwMDAwMDAwMDAsInVwZGF0ZSI6NTQwMDAwMDAwMDAwMH19"
        }
      ]
    },
    {
      "mode": "managed",
      "type": "google_sql_user",
      "name": "sql_db_user",
      "provider": "provider[\"registry.terraform.io/hashicorp/google\"]",
      "instances": [
        {
          "schema_version": 1,
          "attributes": {
            "deletion_policy": null,
            "host": "",
            "id": "david//pgsql-instance",
            "instance": "pgsql-instance",
            "name": "david",
            "password": null,
            "password_policy": [],
            "password_wo": null,
            "password_wo_version": 2,
            "project": "qoria-sandbox",
            "sql_server_user_details": [],
            "timeouts": null,
            "type": ""
          },
          "sensitive_attributes": [
            [
              {
                "type": "get_attr",
                "value": "password"
              }
            ]
          ],
          "identity_schema_version": 0,
          "private": "eyJlMmJmYjczMC1lY2FhLTExZTYtOGY4OC0zNDM2M2JjN2M0YzAiOnsiY3JlYXRlIjo2MDAwMDAwMDAwMDAsImRlbGV0ZSI6NjAwMDAwMDAwMDAwLCJ1cGRhdGUiOjYwMDAwMDAwMDAwMH0sInNjaGVtYV92ZXJzaW9uIjoiMSJ9",
          "dependencies": [
            "ephemeral.random_password.db_password",
            "google_sql_database_instance.pgsql"
          ]
        }
      ]
    }
  ],
  "check_results": null
}
